
Microsoft Visual Studio Solution File, Format Version 12.00
# Visual Studio 14
VisualStudioVersion = 14.0.25420.1
MinimumVisualStudioVersion = 10.0.40219.1
Project("{2150E333-8FDC-42A3-9474-1A3956D46DE8}") = "Solution Items", "Solution Items", "{56747B26-F367-4CFC-AF1F-0DA5217F0697}"
	ProjectSection(SolutionItems) = preProject
		ToDoList.txt = ToDoList.txt
	EndProjectSection
EndProject
Project("{2150E333-8FDC-42A3-9474-1A3956D46DE8}") = "00-Entities", "00-Entities", "{7ABD223A-9888-4890-A869-DA08EB4980DD}"
EndProject
Project("{2150E333-8FDC-42A3-9474-1A3956D46DE8}") = "01-DAL", "01-DAL", "{271DFD33-3511-44E2-BDD2-A5CF136EEFDE}"
EndProject
Project("{2150E333-8FDC-42A3-9474-1A3956D46DE8}") = "02-BLL", "02-BLL", "{385DF19D-DEC0-4693-B511-A40E52EF4FF4}"
EndProject
Project("{FAE04EC0-301F-11D3-BF4B-00C04F79EFBC}") = "Entities", "Entities\Entities.csproj", "{070896CB-D2D7-45EF-97EE-61E7F690A1A4}"
EndProject
Project("{FAE04EC0-301F-11D3-BF4B-00C04F79EFBC}") = "DataAccessLayer", "DataAccessLayer\DataAccessLayer.csproj", "{E73DC832-A1F9-48DD-B98C-B8205BAA2952}"
EndProject
Project("{FAE04EC0-301F-11D3-BF4B-00C04F79EFBC}") = "BusinessLayer", "BusinessLayer\BusinessLayer.csproj", "{09CCBE23-4C6D-4F00-8123-4F1D2AB53F67}"
EndProject
Project("{2150E333-8FDC-42A3-9474-1A3956D46DE8}") = "03-UI", "03-UI", "{17B6DC41-D7AC-4537-9700-71D0DBBC32D2}"
EndProject
Project("{FAE04EC0-301F-11D3-BF4B-00C04F79EFBC}") = "CoffeeShopUI", "CoffeeShopUI\CoffeeShopUI.csproj", "{87FCEF36-4AB9-4A13-9063-159811807980}"
EndProject
Global
	GlobalSection(SolutionConfigurationPlatforms) = preSolution
		Debug|Any CPU = Debug|Any CPU
		Release|Any CPU = Release|Any CPU
	EndGlobalSection
	GlobalSection(ProjectConfigurationPlatforms) = postSolution
		{070896CB-D2D7-45EF-97EE-61E7F690A1A4}.Debug|Any CPU.ActiveCfg = Debug|Any CPU
		{070896CB-D2D7-45EF-97EE-61E7F690A1A4}.Debug|Any CPU.Build.0 = Debug|Any CPU
		{070896CB-D2D7-45EF-97EE-61E7F690A1A4}.Release|Any CPU.ActiveCfg = Release|Any CPU
		{070896CB-D2D7-45EF-97EE-61E7F690A1A4}.Release|Any CPU.Build.0 = Release|Any CPU
		{E73DC832-A1F9-48DD-B98C-B8205BAA2952}.Debug|Any CPU.ActiveCfg = Debug|Any CPU
		{E73DC832-A1F9-48DD-B98C-B8205BAA2952}.Debug|Any CPU.Build.0 = Debug|Any CPU
		{E73DC832-A1F9-48DD-B98C-B8205BAA2952}.Release|Any CPU.ActiveCfg = Release|Any CPU
		{E73DC832-A1F9-48DD-B98C-B8205BAA2952}.Release|Any CPU.Build.0 = Release|Any CPU
		{09CCBE23-4C6D-4F00-8123-4F1D2AB53F67}.Debug|Any CPU.ActiveCfg = Debug|Any CPU
		{09CCBE23-4C6D-4F00-8123-4F1D2AB53F67}.Debug|Any CPU.Build.0 = Debug|Any CPU
		{09CCBE23-4C6D-4F00-8123-4F1D2AB53F67}.Release|Any CPU.ActiveCfg = Release|Any CPU
		{09CCBE23-4C6D-4F00-8123-4F1D2AB53F67}.Release|Any CPU.Build.0 = Release|Any CPU
		{87FCEF36-4AB9-4A13-9063-159811807980}.Debug|Any CPU.ActiveCfg = Debug|Any CPU
		{87FCEF36-4AB9-4A13-9063-159811807980}.Debug|Any CPU.Build.0 = Debug|Any CPU
		{87FCEF36-4AB9-4A13-9063-159811807980}.Release|Any CPU.ActiveCfg = Release|Any CPU
		{87FCEF36-4AB9-4A13-9063-159811807980}.Release|Any CPU.Build.0 = Release|Any CPU
	EndGlobalSection
	GlobalSection(SolutionProperties) = preSolution
		HideSolutionNode = FALSE
	EndGlobalSection
	GlobalSection(NestedProjects) = preSolution
		{070896CB-D2D7-45EF-97EE-61E7F690A1A4} = {7ABD223A-9888-4890-A869-DA08EB4980DD}
		{E73DC832-A1F9-48DD-B98C-B8205BAA2952} = {271DFD33-3511-44E2-BDD2-A5CF136EEFDE}
		{09CCBE23-4C6D-4F00-8123-4F1D2AB53F67} = {385DF19D-DEC0-4693-B511-A40E52EF4FF4}
		{87FCEF36-4AB9-4A13-9063-159811807980} = {17B6DC41-D7AC-4537-9700-71D0DBBC32D2}
	EndGlobalSection
	GlobalSection(TeamFoundationVersionControl) = preSolution
		SccNumberOfProjects = 5
		SccEnterpriseProvider = {4CA58AB2-18FA-4F8D-95D4-32DDF27D184C}
		SccTeamFoundationServer = https://onursevketozdemir.visualstudio.com/
		SccLocalPath0 = .
		SccProjectUniqueName1 = Entities\\Entities.csproj
		SccProjectTopLevelParentUniqueName1 = CoffeeShop.sln
		SccProjectName1 = Entities
		SccLocalPath1 = Entities
		SccProjectUniqueName2 = DataAccessLayer\\DataAccessLayer.csproj
		SccProjectTopLevelParentUniqueName2 = CoffeeShop.sln
		SccProjectName2 = DataAccessLayer
		SccLocalPath2 = DataAccessLayer
		SccProjectUniqueName3 = BusinessLayer\\BusinessLayer.csproj
		SccProjectTopLevelParentUniqueName3 = CoffeeShop.sln
		SccProjectName3 = BusinessLayer
		SccLocalPath3 = BusinessLayer
		SccProjectUniqueName4 = CoffeeShopUI\\CoffeeShopUI.csproj
		SccProjectTopLevelParentUniqueName4 = CoffeeShop.sln
		SccProjectName4 = CoffeeShopUI
		SccLocalPath4 = CoffeeShopUI
	EndGlobalSection
EndGlobal
